<?xml version="1.0" encoding="utf-8"?>
<Project ToolsVersion="4.0" xmlns="http://schemas.microsoft.com/developer/msbuild/2003">
  <ItemGroup>
    <Filter Include="Source Files">
      <UniqueIdentifier>{d65550e9-afe2-4670-8e51-898e00bfe2ab}</UniqueIdentifier>
      <Extensions>cpp;c;cxx;rc;def;r;odl;idl;hpj;bat</Extensions>
    </Filter>
    <Filter Include="Header Files">
      <UniqueIdentifier>{ec64932b-cfe0-46af-a1a8-ca35f93f1272}</UniqueIdentifier>
      <Extensions>h;hpp;hxx;hm;inl</Extensions>
    </Filter>
    <Filter Include="Resource Files">
      <UniqueIdentifier>{45a21bf8-be6c-4a98-98f8-e5be33d4a15f}</UniqueIdentifier>
      <Extensions>ico;cur;bmp;dlg;rc2;rct;bin;rgs;gif;jpg;jpeg;jpe</Extensions>
    </Filter>
  </ItemGroup>
  <ItemGroup>
    <ClCompile Include="AboutDlg.cpp">
      <Filter>Source Files</Filter>
    </ClCompile>
    <ClCompile Include="Action.cpp">
      <Filter>Source Files</Filter>
    </ClCompile>
    <ClCompile Include="Battle.cpp">
      <Filter>Source Files</Filter>
    </ClCompile>
    <ClCompile Include="Character.cpp">
      <Filter>Source Files</Filter>
    </ClCompile>
    <ClCompile Include="DrawImage.cpp">
      <Filter>Source Files</Filter>
    </ClCompile>
    <ClCompile Include="Effect.cpp">
      <Filter>Source Files</Filter>
    </ClCompile>
    <ClCompile Include="Image.cpp">
      <Filter>Source Files</Filter>
    </ClCompile>
    <ClCompile Include="Lexer.cpp">
      <Filter>Source Files</Filter>
    </ClCompile>
    <ClCompile Include="LoadSave.cpp">
      <Filter>Source Files</Filter>
    </ClCompile>
    <ClCompile Include="MainWin.cpp">
      <Filter>Source Files</Filter>
    </ClCompile>
    <ClCompile Include="Mci.cpp">
      <Filter>Source Files</Filter>
    </ClCompile>
    <ClCompile Include="ParamFile.cpp">
      <Filter>Source Files</Filter>
    </ClCompile>
    <ClCompile Include="Params.cpp">
      <Filter>Source Files</Filter>
    </ClCompile>
    <ClCompile Include="Sample.cpp">
      <Filter>Source Files</Filter>
    </ClCompile>
    <ClCompile Include="Script.cpp">
      <Filter>Source Files</Filter>
    </ClCompile>
    <ClCompile Include="Sprite.cpp">
      <Filter>Source Files</Filter>
    </ClCompile>
    <ClCompile Include="StdAfx.cpp">
      <Filter>Source Files</Filter>
    </ClCompile>
    <ClCompile Include="TextReader.cpp">
      <Filter>Source Files</Filter>
    </ClCompile>
  </ItemGroup>
  <ItemGroup>
    <ResourceCompile Include="Sample.rc">
      <Filter>Source Files</Filter>
    </ResourceCompile>
  </ItemGroup>
  <ItemGroup>
    <ClInclude Include="AboutDlg.h">
      <Filter>Header Files</Filter>
    </ClInclude>
    <ClInclude Include="Action.h">
      <Filter>Header Files</Filter>
    </ClInclude>
    <ClInclude Include="Battle.h">
      <Filter>Header Files</Filter>
    </ClInclude>
    <ClInclude Include="Character.h">
      <Filter>Header Files</Filter>
    </ClInclude>
    <ClInclude Include="Config.h">
      <Filter>Header Files</Filter>
    </ClInclude>
    <ClInclude Include="coordinate.h">
      <Filter>Header Files</Filter>
    </ClInclude>
    <ClInclude Include="DrawImage.h">
      <Filter>Header Files</Filter>
    </ClInclude>
    <ClInclude Include="Effect.h">
      <Filter>Header Files</Filter>
    </ClInclude>
    <ClInclude Include="Image.h">
      <Filter>Header Files</Filter>
    </ClInclude>
    <ClInclude Include="Lexer.h">
      <Filter>Header Files</Filter>
    </ClInclude>
    <ClInclude Include="LoadSave.h">
      <Filter>Header Files</Filter>
    </ClInclude>
    <ClInclude Include="MainWin.h">
      <Filter>Header Files</Filter>
    </ClInclude>
    <ClInclude Include="Mci.h">
      <Filter>Header Files</Filter>
    </ClInclude>
    <ClInclude Include="ParamFile.h">
      <Filter>Header Files</Filter>
    </ClInclude>
    <ClInclude Include="Params.h">
      <Filter>Header Files</Filter>
    </ClInclude>
    <ClInclude Include="resource.h">
      <Filter>Header Files</Filter>
    </ClInclude>
    <ClInclude Include="Sample.h">
      <Filter>Header Files</Filter>
    </ClInclude>
    <ClInclude Include="Script.h">
      <Filter>Header Files</Filter>
    </ClInclude>
    <ClInclude Include="Sprite.h">
      <Filter>Header Files</Filter>
    </ClInclude>
    <ClInclude Include="StdAfx.h">
      <Filter>Header Files</Filter>
    </ClInclude>
    <ClInclude Include="TextReader.h">
      <Filter>Header Files</Filter>
    </ClInclude>
  </ItemGroup>
  <ItemGroup>
    <Image Include="RES\Sample.ico">
      <Filter>Resource Files</Filter>
    </Image>
  </ItemGroup>
</Project>